
Microsoft Visual Studio Solution File, Format Version 12.00
# Visual Studio Version 16
VisualStudioVersion = 16.0.31729.503
MinimumVisualStudioVersion = 10.0.40219.1
Project("{FAE04EC0-301F-11D3-BF4B-00C04F79EFBC}") = "EyeAurasWPF", "EyeAurasWPF\EyeAurasWPF.csproj", "{D215346D-8D92-45C6-92D8-226DBB2BAC07}"
EndProject
Global
	GlobalSection(SolutionConfigurationPlatforms) = preSolution
		Debug|Any CPU = Debug|Any CPU
		Release|Any CPU = Release|Any CPU
	EndGlobalSection
	GlobalSection(ProjectConfigurationPlatforms) = postSolution
		{D215346D-8D92-45C6-92D8-226DBB2BAC07}.Debug|Any CPU.ActiveCfg = Debug|Any CPU
		{D215346D-8D92-45C6-92D8-226DBB2BAC07}.Debug|Any CPU.Build.0 = Debug|Any CPU
		{D215346D-8D92-45C6-92D8-226DBB2BAC07}.Release|Any CPU.ActiveCfg = Release|Any CPU
		{D215346D-8D92-45C6-92D8-226DBB2BAC07}.Release|Any CPU.Build.0 = Release|Any CPU
	EndGlobalSection
	GlobalSection(SolutionProperties) = preSolution
		HideSolutionNode = FALSE
	EndGlobalSection
	GlobalSection(ExtensibilityGlobals) = postSolution
		SolutionGuid = {2809897F-EDAA-4683-AE75-BCF8EEDFB685}
	EndGlobalSection
EndGlobal
